
Microsoft Visual Studio Solution File, Format Version 12.00
# Visual Studio 15
VisualStudioVersion = 15.0.28307.1231
MinimumVisualStudioVersion = 10.0.40219.1
Project("{FAE04EC0-301F-11D3-BF4B-00C04F79EFBC}") = "myBeazley.UnirisxHelper.UIAuto", "myBeazley.UnirisxHelper.UIAuto\myBeazley.UnirisxHelper.UIAuto.csproj", "{89171518-BAE1-4878-9D3C-12BC7E6AD681}"
EndProject
Project("{FAE04EC0-301F-11D3-BF4B-00C04F79EFBC}") = "myBeazley.UnirisxHelper.Testing", "myBeazley.UnirisxHelper.Testing\myBeazley.UnirisxHelper.Testing.csproj", "{2C2587DB-BBA3-40AC-A8A7-33CC8D83A88A}"
EndProject
Project("{FAE04EC0-301F-11D3-BF4B-00C04F79EFBC}") = "myBeazley.UnirisxHelper.DataTransferObj", "myBeazley.UnirisxHelper.DataTransferObj\myBeazley.UnirisxHelper.DataTransferObj.csproj", "{E3DDED17-34AB-4DD0-B20C-D220AED34FED}"
EndProject
Global
	GlobalSection(SolutionConfigurationPlatforms) = preSolution
		Debug|Any CPU = Debug|Any CPU
		Release|Any CPU = Release|Any CPU
	EndGlobalSection
	GlobalSection(ProjectConfigurationPlatforms) = postSolution
		{89171518-BAE1-4878-9D3C-12BC7E6AD681}.Debug|Any CPU.ActiveCfg = Debug|Any CPU
		{89171518-BAE1-4878-9D3C-12BC7E6AD681}.Debug|Any CPU.Build.0 = Debug|Any CPU
		{89171518-BAE1-4878-9D3C-12BC7E6AD681}.Release|Any CPU.ActiveCfg = Release|Any CPU
		{89171518-BAE1-4878-9D3C-12BC7E6AD681}.Release|Any CPU.Build.0 = Release|Any CPU
		{2C2587DB-BBA3-40AC-A8A7-33CC8D83A88A}.Debug|Any CPU.ActiveCfg = Debug|Any CPU
		{2C2587DB-BBA3-40AC-A8A7-33CC8D83A88A}.Debug|Any CPU.Build.0 = Debug|Any CPU
		{2C2587DB-BBA3-40AC-A8A7-33CC8D83A88A}.Release|Any CPU.ActiveCfg = Release|Any CPU
		{2C2587DB-BBA3-40AC-A8A7-33CC8D83A88A}.Release|Any CPU.Build.0 = Release|Any CPU
		{E3DDED17-34AB-4DD0-B20C-D220AED34FED}.Debug|Any CPU.ActiveCfg = Debug|Any CPU
		{E3DDED17-34AB-4DD0-B20C-D220AED34FED}.Debug|Any CPU.Build.0 = Debug|Any CPU
		{E3DDED17-34AB-4DD0-B20C-D220AED34FED}.Release|Any CPU.ActiveCfg = Release|Any CPU
		{E3DDED17-34AB-4DD0-B20C-D220AED34FED}.Release|Any CPU.Build.0 = Release|Any CPU
	EndGlobalSection
	GlobalSection(SolutionProperties) = preSolution
		HideSolutionNode = FALSE
	EndGlobalSection
	GlobalSection(ExtensibilityGlobals) = postSolution
		SolutionGuid = {4205D588-5D25-4E0D-9BED-6B15C2EF743E}
	EndGlobalSection
EndGlobal
